$begin 'ConnectionParameters'
	DesktopProcessID=4980
	DesktopProcessPath='C:\\Program Files\\AnsysEM\\AnsysEM18.1\\Win64\\ansysedt.exe'
	LaunchedByWB=false
	$begin 'DesktopStubBlock'
		$begin 'CommDetails'
			TransportType=1
			IPAddress='205.215.76.222'
			ListenPort='56471'
		$end 'CommDetails'
		$begin 'Marshall'
			InstanceID=503
			ProcID=4980
			InterfaceID=1
			FactoryIntID='DesktopInterfaceForWBProxyStubFactory'
		$end 'Marshall'
	$end 'DesktopStubBlock'
	$begin 'DesktopBackgroundObjStubBlock'
		$begin 'CommDetails'
			TransportType=1
			IPAddress='205.215.76.222'
			ListenPort='56471'
		$end 'CommDetails'
		$begin 'Marshall'
			InstanceID=505
			ProcID=4980
			InterfaceID=2
			FactoryIntID='DesktopInterfaceForWBProxyStubFactory'
		$end 'Marshall'
	$end 'DesktopBackgroundObjStubBlock'
$end 'ConnectionParameters'
